
Microsoft Visual Studio Solution File, Format Version 12.00
# Visual Studio Version 17
VisualStudioVersion = 17.10.35013.160
MinimumVisualStudioVersion = 10.0.40219.1
Project("{9A19103F-16F7-4668-BE54-9A1E7A4F7556}") = "SocialNetwork", "SocialNetwork\SocialNetwork.csproj", "{3F63E4C4-41E7-4504-82E2-6B62EB1A84F2}"
EndProject
Project("{FAE04EC0-301F-11D3-BF4B-00C04F79EFBC}") = "SocialNetwork.Tests", "SocialNetwork.Tests\SocialNetwork.Tests.csproj", "{2039B62A-A9DB-4275-9A7D-7D07E5CA9197}"
EndProject
Global
	GlobalSection(SolutionConfigurationPlatforms) = preSolution
		Debug|Any CPU = Debug|Any CPU
		Release|Any CPU = Release|Any CPU
	EndGlobalSection
	GlobalSection(ProjectConfigurationPlatforms) = postSolution
		{3F63E4C4-41E7-4504-82E2-6B62EB1A84F2}.Debug|Any CPU.ActiveCfg = Debug|Any CPU
		{3F63E4C4-41E7-4504-82E2-6B62EB1A84F2}.Debug|Any CPU.Build.0 = Debug|Any CPU
		{3F63E4C4-41E7-4504-82E2-6B62EB1A84F2}.Release|Any CPU.ActiveCfg = Release|Any CPU
		{3F63E4C4-41E7-4504-82E2-6B62EB1A84F2}.Release|Any CPU.Build.0 = Release|Any CPU
		{2039B62A-A9DB-4275-9A7D-7D07E5CA9197}.Debug|Any CPU.ActiveCfg = Debug|Any CPU
		{2039B62A-A9DB-4275-9A7D-7D07E5CA9197}.Debug|Any CPU.Build.0 = Debug|Any CPU
		{2039B62A-A9DB-4275-9A7D-7D07E5CA9197}.Release|Any CPU.ActiveCfg = Release|Any CPU
		{2039B62A-A9DB-4275-9A7D-7D07E5CA9197}.Release|Any CPU.Build.0 = Release|Any CPU
	EndGlobalSection
	GlobalSection(SolutionProperties) = preSolution
		HideSolutionNode = FALSE
	EndGlobalSection
	GlobalSection(ExtensibilityGlobals) = postSolution
		SolutionGuid = {550B2977-BE0E-4214-AF62-9F456B7D8264}
	EndGlobalSection
EndGlobal
